
Microsoft Visual Studio Solution File, Format Version 12.00
# Visual Studio Version 17
VisualStudioVersion = 17.9.34607.119
MinimumVisualStudioVersion = 10.0.40219.1
Project("{FAE04EC0-301F-11D3-BF4B-00C04F79EFBC}") = "RunTime_RDL_Report_In_Web", "RunTime_RDL_Report_In_Web.csproj", "{AFAAD97C-EF1E-42A7-9BD8-11CFF3FD834B}"
EndProject
Global
	GlobalSection(SolutionConfigurationPlatforms) = preSolution
		Debug|Any CPU = Debug|Any CPU
		Release|Any CPU = Release|Any CPU
	EndGlobalSection
	GlobalSection(ProjectConfigurationPlatforms) = postSolution
		{AFAAD97C-EF1E-42A7-9BD8-11CFF3FD834B}.Debug|Any CPU.ActiveCfg = Debug|Any CPU
		{AFAAD97C-EF1E-42A7-9BD8-11CFF3FD834B}.Debug|Any CPU.Build.0 = Debug|Any CPU
		{AFAAD97C-EF1E-42A7-9BD8-11CFF3FD834B}.Release|Any CPU.ActiveCfg = Release|Any CPU
		{AFAAD97C-EF1E-42A7-9BD8-11CFF3FD834B}.Release|Any CPU.Build.0 = Release|Any CPU
	EndGlobalSection
	GlobalSection(SolutionProperties) = preSolution
		HideSolutionNode = FALSE
	EndGlobalSection
	GlobalSection(ExtensibilityGlobals) = postSolution
		SolutionGuid = {F7A5DCE2-6FBC-40EE-921D-8844542FDBAA}
	EndGlobalSection
EndGlobal
